// !$*UTF8*$!
{
	archiveVersion = 1;
	classes = {
	};
	objectVersion = 50;
	objects = {

/* Begin PBXBuildFile section */
		ACFEF883A5B5BCF9A1920239 /* Pods_DoctorCell.framework in Frameworks */ = {isa = PBXBuildFile; fileRef = FE43E4FBBB4E17A0B2465A54 /* Pods_DoctorCell.framework */; };
		BACCDAC266AFF1C4B2AB90D3 /* Pods_DoctorCellTests.framework in Frameworks */ = {isa = PBXBuildFile; fileRef = D332E7545B6CDC0EE5BBDE8E /* Pods_DoctorCellTests.framework */; };
		E1562D0521B747FA00B9AF20 /* FIRDocumentReference+Rx.swift in Sources */ = {isa = PBXBuildFile; fileRef = E1562D0021B747FA00B9AF20 /* FIRDocumentReference+Rx.swift */; };
		E1562D0621B747FA00B9AF20 /* FIRWriteBatch+Rx.swift in Sources */ = {isa = PBXBuildFile; fileRef = E1562D0121B747FA00B9AF20 /* FIRWriteBatch+Rx.swift */; };
		E1562D0721B747FA00B9AF20 /* FIRFirestore+Rx.swift in Sources */ = {isa = PBXBuildFile; fileRef = E1562D0221B747FA00B9AF20 /* FIRFirestore+Rx.swift */; };
		E1562D0821B747FA00B9AF20 /* FIRQuery+Rx.swift in Sources */ = {isa = PBXBuildFile; fileRef = E1562D0321B747FA00B9AF20 /* FIRQuery+Rx.swift */; };
		E1562D0921B747FA00B9AF20 /* FIRCollectionReference+Rx.swift in Sources */ = {isa = PBXBuildFile; fileRef = E1562D0421B747FA00B9AF20 /* FIRCollectionReference+Rx.swift */; };
		E16D3E0221B6F8D200689EAA /* TabBarController.swift in Sources */ = {isa = PBXBuildFile; fileRef = E16D3E0121B6F8D200689EAA /* TabBarController.swift */; };
		E16D3E0421B6FACF00689EAA /* TabBarViewModel.swift in Sources */ = {isa = PBXBuildFile; fileRef = E16D3E0321B6FACF00689EAA /* TabBarViewModel.swift */; };
		E16D3E0621B709B400689EAA /* TabBarCoordinator.swift in Sources */ = {isa = PBXBuildFile; fileRef = E16D3E0521B709B400689EAA /* TabBarCoordinator.swift */; };
		E16D3E0821B7187800689EAA /* GoogleService-Info.plist in Resources */ = {isa = PBXBuildFile; fileRef = E16D3E0721B7187800689EAA /* GoogleService-Info.plist */; };
		E16D3E0B21B7194900689EAA /* FirebaseConfigurator.swift in Sources */ = {isa = PBXBuildFile; fileRef = E16D3E0A21B7194900689EAA /* FirebaseConfigurator.swift */; };
		E16D3E0E21B71ABE00689EAA /* Product.swift in Sources */ = {isa = PBXBuildFile; fileRef = E16D3E0D21B71ABE00689EAA /* Product.swift */; };
		E16D3E1121B71DE700689EAA /* Codable.swift in Sources */ = {isa = PBXBuildFile; fileRef = E16D3E1021B71DE700689EAA /* Codable.swift */; };
		E16D3E1421B722D100689EAA /* FirestoreManager.swift in Sources */ = {isa = PBXBuildFile; fileRef = E16D3E1321B722D100689EAA /* FirestoreManager.swift */; };
		E1A7668921B856DE00B696D6 /* ViewConfigurator.swift in Sources */ = {isa = PBXBuildFile; fileRef = E1A7668821B856DE00B696D6 /* ViewConfigurator.swift */; };
		E1A7668F21B862AE00B696D6 /* ProductCollectionViewCell.swift in Sources */ = {isa = PBXBuildFile; fileRef = E1A7668E21B862AE00B696D6 /* ProductCollectionViewCell.swift */; };
		E1A7669121B8642400B696D6 /* ReusableView.swift in Sources */ = {isa = PBXBuildFile; fileRef = E1A7669021B8642400B696D6 /* ReusableView.swift */; };
		E1A7669521B99E6A00B696D6 /* CALayer+Shadow.swift in Sources */ = {isa = PBXBuildFile; fileRef = E1A7669421B99E6A00B696D6 /* CALayer+Shadow.swift */; };
		E1A7669721B9A39D00B696D6 /* UIView+constraints.swift in Sources */ = {isa = PBXBuildFile; fileRef = E1A7669621B9A39D00B696D6 /* UIView+constraints.swift */; };
		E1A7669921BB41F400B696D6 /* UILabel.swift in Sources */ = {isa = PBXBuildFile; fileRef = E1A7669821BB41F400B696D6 /* UILabel.swift */; };
		E1A7669B21BDF2D200B696D6 /* NumberFormatter+Currency.swift in Sources */ = {isa = PBXBuildFile; fileRef = E1A7669A21BDF2D200B696D6 /* NumberFormatter+Currency.swift */; };
		E1CEC1FE21B169020008D65E /* AppDelegate.swift in Sources */ = {isa = PBXBuildFile; fileRef = E1CEC1FD21B169020008D65E /* AppDelegate.swift */; };
		E1CEC20021B169020008D65E /* ProductsViewController.swift in Sources */ = {isa = PBXBuildFile; fileRef = E1CEC1FF21B169020008D65E /* ProductsViewController.swift */; };
		E1CEC20521B169040008D65E /* Assets.xcassets in Resources */ = {isa = PBXBuildFile; fileRef = E1CEC20421B169040008D65E /* Assets.xcassets */; };
		E1CEC20821B169040008D65E /* LaunchScreen.storyboard in Resources */ = {isa = PBXBuildFile; fileRef = E1CEC20621B169040008D65E /* LaunchScreen.storyboard */; };
		E1CEC21321B169040008D65E /* DoctorCellTests.swift in Sources */ = {isa = PBXBuildFile; fileRef = E1CEC21221B169040008D65E /* DoctorCellTests.swift */; };
		E1CEC21F21B19E1F0008D65E /* Scene.swift in Sources */ = {isa = PBXBuildFile; fileRef = E1CEC21E21B19E1F0008D65E /* Scene.swift */; };
		E1CEC22221B19E9F0008D65E /* ProductsViewModel.swift in Sources */ = {isa = PBXBuildFile; fileRef = E1CEC22121B19E9F0008D65E /* ProductsViewModel.swift */; };
		E1CEC22521B19F360008D65E /* ProductDetailViewController.swift in Sources */ = {isa = PBXBuildFile; fileRef = E1CEC22421B19F360008D65E /* ProductDetailViewController.swift */; };
		E1CEC22721B19F480008D65E /* ProductDetailViewModel.swift in Sources */ = {isa = PBXBuildFile; fileRef = E1CEC22621B19F480008D65E /* ProductDetailViewModel.swift */; };
		E1CEC22921B19FF80008D65E /* Scene+ViewController.swift in Sources */ = {isa = PBXBuildFile; fileRef = E1CEC22821B19FF80008D65E /* Scene+ViewController.swift */; };
		E1CEC22B21B1A10E0008D65E /* SceneController.swift in Sources */ = {isa = PBXBuildFile; fileRef = E1CEC22A21B1A10E0008D65E /* SceneController.swift */; };
		E1CEC22D21B1A1580008D65E /* ViewModelProtocol.swift in Sources */ = {isa = PBXBuildFile; fileRef = E1CEC22C21B1A1580008D65E /* ViewModelProtocol.swift */; };
		E1CEC22F21B1D2660008D65E /* SceneCoordinator.swift in Sources */ = {isa = PBXBuildFile; fileRef = E1CEC22E21B1D2660008D65E /* SceneCoordinator.swift */; };
		E1CEC23121B1D29D0008D65E /* SceneTransitionType.swift in Sources */ = {isa = PBXBuildFile; fileRef = E1CEC23021B1D29D0008D65E /* SceneTransitionType.swift */; };
		E1F3DF6C21B5D00D00FDCE26 /* AppearanceHelper.swift in Sources */ = {isa = PBXBuildFile; fileRef = E1F3DF6B21B5D00D00FDCE26 /* AppearanceHelper.swift */; };
/* End PBXBuildFile section */

/* Begin PBXContainerItemProxy section */
		E1CEC20F21B169040008D65E /* PBXContainerItemProxy */ = {
			isa = PBXContainerItemProxy;
			containerPortal = E1CEC1F221B169020008D65E /* Project object */;
			proxyType = 1;
			remoteGlobalIDString = E1CEC1F921B169020008D65E;
			remoteInfo = DoctorCell;
		};
/* End PBXContainerItemProxy section */

/* Begin PBXFileReference section */
		046A268A628A5DD7A63D2C10 /* Pods-DoctorCell.release.xcconfig */ = {isa = PBXFileReference; includeInIndex = 1; lastKnownFileType = text.xcconfig; name = "Pods-DoctorCell.release.xcconfig"; path = "Pods/Target Support Files/Pods-DoctorCell/Pods-DoctorCell.release.xcconfig"; sourceTree = "<group>"; };
		40250DE948D170A8F7B6FB11 /* Pods-DoctorCellTests.release.xcconfig */ = {isa = PBXFileReference; includeInIndex = 1; lastKnownFileType = text.xcconfig; name = "Pods-DoctorCellTests.release.xcconfig"; path = "Pods/Target Support Files/Pods-DoctorCellTests/Pods-DoctorCellTests.release.xcconfig"; sourceTree = "<group>"; };
		C4647EF65146563F0400D61A /* Pods-DoctorCellTests.debug.xcconfig */ = {isa = PBXFileReference; includeInIndex = 1; lastKnownFileType = text.xcconfig; name = "Pods-DoctorCellTests.debug.xcconfig"; path = "Pods/Target Support Files/Pods-DoctorCellTests/Pods-DoctorCellTests.debug.xcconfig"; sourceTree = "<group>"; };
		D332E7545B6CDC0EE5BBDE8E /* Pods_DoctorCellTests.framework */ = {isa = PBXFileReference; explicitFileType = wrapper.framework; includeInIndex = 0; path = Pods_DoctorCellTests.framework; sourceTree = BUILT_PRODUCTS_DIR; };
		D829E97CC0EB74F0673B91C5 /* Pods-DoctorCell.debug.xcconfig */ = {isa = PBXFileReference; includeInIndex = 1; lastKnownFileType = text.xcconfig; name = "Pods-DoctorCell.debug.xcconfig"; path = "Pods/Target Support Files/Pods-DoctorCell/Pods-DoctorCell.debug.xcconfig"; sourceTree = "<group>"; };
		E1562D0021B747FA00B9AF20 /* FIRDocumentReference+Rx.swift */ = {isa = PBXFileReference; fileEncoding = 4; lastKnownFileType = sourcecode.swift; path = "FIRDocumentReference+Rx.swift"; sourceTree = "<group>"; };
		E1562D0121B747FA00B9AF20 /* FIRWriteBatch+Rx.swift */ = {isa = PBXFileReference; fileEncoding = 4; lastKnownFileType = sourcecode.swift; path = "FIRWriteBatch+Rx.swift"; sourceTree = "<group>"; };
		E1562D0221B747FA00B9AF20 /* FIRFirestore+Rx.swift */ = {isa = PBXFileReference; fileEncoding = 4; lastKnownFileType = sourcecode.swift; path = "FIRFirestore+Rx.swift"; sourceTree = "<group>"; };
		E1562D0321B747FA00B9AF20 /* FIRQuery+Rx.swift */ = {isa = PBXFileReference; fileEncoding = 4; lastKnownFileType = sourcecode.swift; path = "FIRQuery+Rx.swift"; sourceTree = "<group>"; };
		E1562D0421B747FA00B9AF20 /* FIRCollectionReference+Rx.swift */ = {isa = PBXFileReference; fileEncoding = 4; lastKnownFileType = sourcecode.swift; path = "FIRCollectionReference+Rx.swift"; sourceTree = "<group>"; };
		E16D3E0121B6F8D200689EAA /* TabBarController.swift */ = {isa = PBXFileReference; lastKnownFileType = sourcecode.swift; path = TabBarController.swift; sourceTree = "<group>"; };
		E16D3E0321B6FACF00689EAA /* TabBarViewModel.swift */ = {isa = PBXFileReference; lastKnownFileType = sourcecode.swift; path = TabBarViewModel.swift; sourceTree = "<group>"; };
		E16D3E0521B709B400689EAA /* TabBarCoordinator.swift */ = {isa = PBXFileReference; lastKnownFileType = sourcecode.swift; path = TabBarCoordinator.swift; sourceTree = "<group>"; };
		E16D3E0721B7187800689EAA /* GoogleService-Info.plist */ = {isa = PBXFileReference; fileEncoding = 4; lastKnownFileType = text.plist.xml; path = "GoogleService-Info.plist"; sourceTree = "<group>"; };
		E16D3E0A21B7194900689EAA /* FirebaseConfigurator.swift */ = {isa = PBXFileReference; lastKnownFileType = sourcecode.swift; path = FirebaseConfigurator.swift; sourceTree = "<group>"; };
		E16D3E0D21B71ABE00689EAA /* Product.swift */ = {isa = PBXFileReference; lastKnownFileType = sourcecode.swift; path = Product.swift; sourceTree = "<group>"; };
		E16D3E1021B71DE700689EAA /* Codable.swift */ = {isa = PBXFileReference; lastKnownFileType = sourcecode.swift; path = Codable.swift; sourceTree = "<group>"; };
		E16D3E1321B722D100689EAA /* FirestoreManager.swift */ = {isa = PBXFileReference; lastKnownFileType = sourcecode.swift; path = FirestoreManager.swift; sourceTree = "<group>"; };
		E1A7668821B856DE00B696D6 /* ViewConfigurator.swift */ = {isa = PBXFileReference; lastKnownFileType = sourcecode.swift; path = ViewConfigurator.swift; sourceTree = "<group>"; };
		E1A7668E21B862AE00B696D6 /* ProductCollectionViewCell.swift */ = {isa = PBXFileReference; lastKnownFileType = sourcecode.swift; path = ProductCollectionViewCell.swift; sourceTree = "<group>"; };
		E1A7669021B8642400B696D6 /* ReusableView.swift */ = {isa = PBXFileReference; lastKnownFileType = sourcecode.swift; path = ReusableView.swift; sourceTree = "<group>"; };
		E1A7669421B99E6A00B696D6 /* CALayer+Shadow.swift */ = {isa = PBXFileReference; lastKnownFileType = sourcecode.swift; path = "CALayer+Shadow.swift"; sourceTree = "<group>"; };
		E1A7669621B9A39D00B696D6 /* UIView+constraints.swift */ = {isa = PBXFileReference; lastKnownFileType = sourcecode.swift; path = "UIView+constraints.swift"; sourceTree = "<group>"; };
		E1A7669821BB41F400B696D6 /* UILabel.swift */ = {isa = PBXFileReference; lastKnownFileType = sourcecode.swift; path = UILabel.swift; sourceTree = "<group>"; };
		E1A7669A21BDF2D200B696D6 /* NumberFormatter+Currency.swift */ = {isa = PBXFileReference; lastKnownFileType = sourcecode.swift; path = "NumberFormatter+Currency.swift"; sourceTree = "<group>"; };
		E1CEC1FA21B169020008D65E /* DoctorCell.app */ = {isa = PBXFileReference; explicitFileType = wrapper.application; includeInIndex = 0; path = DoctorCell.app; sourceTree = BUILT_PRODUCTS_DIR; };
		E1CEC1FD21B169020008D65E /* AppDelegate.swift */ = {isa = PBXFileReference; lastKnownFileType = sourcecode.swift; path = AppDelegate.swift; sourceTree = "<group>"; };
		E1CEC1FF21B169020008D65E /* ProductsViewController.swift */ = {isa = PBXFileReference; lastKnownFileType = sourcecode.swift; path = ProductsViewController.swift; sourceTree = "<group>"; };
		E1CEC20421B169040008D65E /* Assets.xcassets */ = {isa = PBXFileReference; lastKnownFileType = folder.assetcatalog; path = Assets.xcassets; sourceTree = "<group>"; };
		E1CEC20721B169040008D65E /* Base */ = {isa = PBXFileReference; lastKnownFileType = file.storyboard; name = Base; path = Base.lproj/LaunchScreen.storyboard; sourceTree = "<group>"; };
		E1CEC20921B169040008D65E /* Info.plist */ = {isa = PBXFileReference; lastKnownFileType = text.plist.xml; path = Info.plist; sourceTree = "<group>"; };
		E1CEC20E21B169040008D65E /* DoctorCellTests.xctest */ = {isa = PBXFileReference; explicitFileType = wrapper.cfbundle; includeInIndex = 0; path = DoctorCellTests.xctest; sourceTree = BUILT_PRODUCTS_DIR; };
		E1CEC21221B169040008D65E /* DoctorCellTests.swift */ = {isa = PBXFileReference; lastKnownFileType = sourcecode.swift; path = DoctorCellTests.swift; sourceTree = "<group>"; };
		E1CEC21421B169040008D65E /* Info.plist */ = {isa = PBXFileReference; lastKnownFileType = text.plist.xml; path = Info.plist; sourceTree = "<group>"; };
		E1CEC21E21B19E1F0008D65E /* Scene.swift */ = {isa = PBXFileReference; lastKnownFileType = sourcecode.swift; path = Scene.swift; sourceTree = "<group>"; };
		E1CEC22121B19E9F0008D65E /* ProductsViewModel.swift */ = {isa = PBXFileReference; lastKnownFileType = sourcecode.swift; path = ProductsViewModel.swift; sourceTree = "<group>"; };
		E1CEC22421B19F360008D65E /* ProductDetailViewController.swift */ = {isa = PBXFileReference; lastKnownFileType = sourcecode.swift; path = ProductDetailViewController.swift; sourceTree = "<group>"; };
		E1CEC22621B19F480008D65E /* ProductDetailViewModel.swift */ = {isa = PBXFileReference; lastKnownFileType = sourcecode.swift; path = ProductDetailViewModel.swift; sourceTree = "<group>"; };
		E1CEC22821B19FF80008D65E /* Scene+ViewController.swift */ = {isa = PBXFileReference; lastKnownFileType = sourcecode.swift; path = "Scene+ViewController.swift"; sourceTree = "<group>"; };
		E1CEC22A21B1A10E0008D65E /* SceneController.swift */ = {isa = PBXFileReference; lastKnownFileType = sourcecode.swift; path = SceneController.swift; sourceTree = "<group>"; };
		E1CEC22C21B1A1580008D65E /* ViewModelProtocol.swift */ = {isa = PBXFileReference; lastKnownFileType = sourcecode.swift; path = ViewModelProtocol.swift; sourceTree = "<group>"; };
		E1CEC22E21B1D2660008D65E /* SceneCoordinator.swift */ = {isa = PBXFileReference; lastKnownFileType = sourcecode.swift; path = SceneCoordinator.swift; sourceTree = "<group>"; };
		E1CEC23021B1D29D0008D65E /* SceneTransitionType.swift */ = {isa = PBXFileReference; lastKnownFileType = sourcecode.swift; path = SceneTransitionType.swift; sourceTree = "<group>"; };
		E1F3DF6B21B5D00D00FDCE26 /* AppearanceHelper.swift */ = {isa = PBXFileReference; lastKnownFileType = sourcecode.swift; path = AppearanceHelper.swift; sourceTree = "<group>"; };
		FE43E4FBBB4E17A0B2465A54 /* Pods_DoctorCell.framework */ = {isa = PBXFileReference; explicitFileType = wrapper.framework; includeInIndex = 0; path = Pods_DoctorCell.framework; sourceTree = BUILT_PRODUCTS_DIR; };
/* End PBXFileReference section */

/* Begin PBXFrameworksBuildPhase section */
		E1CEC1F721B169020008D65E /* Frameworks */ = {
			isa = PBXFrameworksBuildPhase;
			buildActionMask = 2147483647;
			files = (
				ACFEF883A5B5BCF9A1920239 /* Pods_DoctorCell.framework in Frameworks */,
			);
			runOnlyForDeploymentPostprocessing = 0;
		};
		E1CEC20B21B169040008D65E /* Frameworks */ = {
			isa = PBXFrameworksBuildPhase;
			buildActionMask = 2147483647;
			files = (
				BACCDAC266AFF1C4B2AB90D3 /* Pods_DoctorCellTests.framework in Frameworks */,
			);
			runOnlyForDeploymentPostprocessing = 0;
		};
/* End PBXFrameworksBuildPhase section */

/* Begin PBXGroup section */
		35D0C86E4AAD48EC7703DFD4 /* Pods */ = {
			isa = PBXGroup;
			children = (
				D829E97CC0EB74F0673B91C5 /* Pods-DoctorCell.debug.xcconfig */,
				046A268A628A5DD7A63D2C10 /* Pods-DoctorCell.release.xcconfig */,
				C4647EF65146563F0400D61A /* Pods-DoctorCellTests.debug.xcconfig */,
				40250DE948D170A8F7B6FB11 /* Pods-DoctorCellTests.release.xcconfig */,
			);
			name = Pods;
			sourceTree = "<group>";
		};
		58AF91869819AB68C6AC25E3 /* Frameworks */ = {
			isa = PBXGroup;
			children = (
				FE43E4FBBB4E17A0B2465A54 /* Pods_DoctorCell.framework */,
				D332E7545B6CDC0EE5BBDE8E /* Pods_DoctorCellTests.framework */,
			);
			name = Frameworks;
			sourceTree = "<group>";
		};
		E1562CFF21B747FA00B9AF20 /* Firebase+rx */ = {
			isa = PBXGroup;
			children = (
				E1562D0021B747FA00B9AF20 /* FIRDocumentReference+Rx.swift */,
				E1562D0121B747FA00B9AF20 /* FIRWriteBatch+Rx.swift */,
				E1562D0221B747FA00B9AF20 /* FIRFirestore+Rx.swift */,
				E1562D0321B747FA00B9AF20 /* FIRQuery+Rx.swift */,
				E1562D0421B747FA00B9AF20 /* FIRCollectionReference+Rx.swift */,
			);
			path = "Firebase+rx";
			sourceTree = "<group>";
		};
		E16D3E0021B6F8B700689EAA /* TabBar */ = {
			isa = PBXGroup;
			children = (
				E16D3E0121B6F8D200689EAA /* TabBarController.swift */,
				E16D3E0321B6FACF00689EAA /* TabBarViewModel.swift */,
			);
			path = TabBar;
			sourceTree = "<group>";
		};
		E16D3E0921B7192100689EAA /* AppDelegate */ = {
			isa = PBXGroup;
			children = (
				E1F3DF6B21B5D00D00FDCE26 /* AppearanceHelper.swift */,
				E1CEC1FD21B169020008D65E /* AppDelegate.swift */,
				E16D3E0A21B7194900689EAA /* FirebaseConfigurator.swift */,
			);
			path = AppDelegate;
			sourceTree = "<group>";
		};
		E16D3E0C21B71AA900689EAA /* Model */ = {
			isa = PBXGroup;
			children = (
				E16D3E0D21B71ABE00689EAA /* Product.swift */,
			);
			path = Model;
			sourceTree = "<group>";
		};
		E16D3E0F21B71DB300689EAA /* Extensions */ = {
			isa = PBXGroup;
			children = (
				E16D3E1021B71DE700689EAA /* Codable.swift */,
				E1A7669421B99E6A00B696D6 /* CALayer+Shadow.swift */,
				E1A7669621B9A39D00B696D6 /* UIView+constraints.swift */,
				E1A7669821BB41F400B696D6 /* UILabel.swift */,
				E1A7669A21BDF2D200B696D6 /* NumberFormatter+Currency.swift */,
			);
			path = Extensions;
			sourceTree = "<group>";
		};
		E16D3E1221B722B900689EAA /* Firestore */ = {
			isa = PBXGroup;
			children = (
				E1562CFF21B747FA00B9AF20 /* Firebase+rx */,
				E16D3E1321B722D100689EAA /* FirestoreManager.swift */,
			);
			path = Firestore;
			sourceTree = "<group>";
		};
		E1CEC1F121B169020008D65E = {
			isa = PBXGroup;
			children = (
				E1CEC1FC21B169020008D65E /* DoctorCell */,
				E1CEC21121B169040008D65E /* DoctorCellTests */,
				E1CEC1FB21B169020008D65E /* Products */,
				35D0C86E4AAD48EC7703DFD4 /* Pods */,
				58AF91869819AB68C6AC25E3 /* Frameworks */,
			);
			sourceTree = "<group>";
		};
		E1CEC1FB21B169020008D65E /* Products */ = {
			isa = PBXGroup;
			children = (
				E1CEC1FA21B169020008D65E /* DoctorCell.app */,
				E1CEC20E21B169040008D65E /* DoctorCellTests.xctest */,
			);
			name = Products;
			sourceTree = "<group>";
		};
		E1CEC1FC21B169020008D65E /* DoctorCell */ = {
			isa = PBXGroup;
			children = (
				E16D3E1221B722B900689EAA /* Firestore */,
				E16D3E0F21B71DB300689EAA /* Extensions */,
				E16D3E0C21B71AA900689EAA /* Model */,
				E16D3E0021B6F8B700689EAA /* TabBar */,
				E1CEC22021B19E870008D65E /* Products */,
				E1CEC22321B19F140008D65E /* ProductDetail */,
				E1CEC21D21B19E0D0008D65E /* Scene */,
				E16D3E0921B7192100689EAA /* AppDelegate */,
				E1CEC20421B169040008D65E /* Assets.xcassets */,
				E1CEC20621B169040008D65E /* LaunchScreen.storyboard */,
				E1CEC20921B169040008D65E /* Info.plist */,
				E16D3E0721B7187800689EAA /* GoogleService-Info.plist */,
				E1CEC22C21B1A1580008D65E /* ViewModelProtocol.swift */,
				E1A7668821B856DE00B696D6 /* ViewConfigurator.swift */,
				E1A7669021B8642400B696D6 /* ReusableView.swift */,
			);
			path = DoctorCell;
			sourceTree = "<group>";
		};
		E1CEC21121B169040008D65E /* DoctorCellTests */ = {
			isa = PBXGroup;
			children = (
				E1CEC21221B169040008D65E /* DoctorCellTests.swift */,
				E1CEC21421B169040008D65E /* Info.plist */,
			);
			path = DoctorCellTests;
			sourceTree = "<group>";
		};
		E1CEC21D21B19E0D0008D65E /* Scene */ = {
			isa = PBXGroup;
			children = (
				E1CEC21E21B19E1F0008D65E /* Scene.swift */,
				E1CEC22821B19FF80008D65E /* Scene+ViewController.swift */,
				E1CEC22A21B1A10E0008D65E /* SceneController.swift */,
				E1CEC22E21B1D2660008D65E /* SceneCoordinator.swift */,
				E1CEC23021B1D29D0008D65E /* SceneTransitionType.swift */,
				E16D3E0521B709B400689EAA /* TabBarCoordinator.swift */,
			);
			path = Scene;
			sourceTree = "<group>";
		};
		E1CEC22021B19E870008D65E /* Products */ = {
			isa = PBXGroup;
			children = (
				E1CEC1FF21B169020008D65E /* ProductsViewController.swift */,
				E1CEC22121B19E9F0008D65E /* ProductsViewModel.swift */,
				E1A7668E21B862AE00B696D6 /* ProductCollectionViewCell.swift */,
			);
			path = Products;
			sourceTree = "<group>";
		};
		E1CEC22321B19F140008D65E /* ProductDetail */ = {
			isa = PBXGroup;
			children = (
				E1CEC22421B19F360008D65E /* ProductDetailViewController.swift */,
				E1CEC22621B19F480008D65E /* ProductDetailViewModel.swift */,
			);
			path = ProductDetail;
			sourceTree = "<group>";
		};
/* End PBXGroup section */

/* Begin PBXNativeTarget section */
		E1CEC1F921B169020008D65E /* DoctorCell */ = {
			isa = PBXNativeTarget;
			buildConfigurationList = E1CEC21721B169040008D65E /* Build configuration list for PBXNativeTarget "DoctorCell" */;
			buildPhases = (
				2C5490BA06BD46448A9628FB /* [CP] Check Pods Manifest.lock */,
				E1CEC1F621B169020008D65E /* Sources */,
				E1CEC1F721B169020008D65E /* Frameworks */,
				E1CEC1F821B169020008D65E /* Resources */,
				41CACFB7C2B7E6E643EF33BA /* [CP] Embed Pods Frameworks */,
				FAEE61E735A1BEA7DC3BBF98 /* [CP] Copy Pods Resources */,
			);
			buildRules = (
			);
			dependencies = (
			);
			name = DoctorCell;
			productName = DoctorCell;
			productReference = E1CEC1FA21B169020008D65E /* DoctorCell.app */;
			productType = "com.apple.product-type.application";
		};
		E1CEC20D21B169040008D65E /* DoctorCellTests */ = {
			isa = PBXNativeTarget;
			buildConfigurationList = E1CEC21A21B169040008D65E /* Build configuration list for PBXNativeTarget "DoctorCellTests" */;
			buildPhases = (
				443706E75D259F9C6138E59E /* [CP] Check Pods Manifest.lock */,
				E1CEC20A21B169040008D65E /* Sources */,
				E1CEC20B21B169040008D65E /* Frameworks */,
				E1CEC20C21B169040008D65E /* Resources */,
			);
			buildRules = (
			);
			dependencies = (
				E1CEC21021B169040008D65E /* PBXTargetDependency */,
			);
			name = DoctorCellTests;
			productName = DoctorCellTests;
			productReference = E1CEC20E21B169040008D65E /* DoctorCellTests.xctest */;
			productType = "com.apple.product-type.bundle.unit-test";
		};
/* End PBXNativeTarget section */

/* Begin PBXProject section */
		E1CEC1F221B169020008D65E /* Project object */ = {
			isa = PBXProject;
			attributes = {
				LastSwiftUpdateCheck = 1010;
				LastUpgradeCheck = 1010;
				ORGANIZATIONNAME = "Gabriel Mocelin";
				TargetAttributes = {
					E1CEC1F921B169020008D65E = {
						CreatedOnToolsVersion = 10.1;
					};
					E1CEC20D21B169040008D65E = {
						CreatedOnToolsVersion = 10.1;
						TestTargetID = E1CEC1F921B169020008D65E;
					};
				};
			};
			buildConfigurationList = E1CEC1F521B169020008D65E /* Build configuration list for PBXProject "DoctorCell" */;
			compatibilityVersion = "Xcode 9.3";
			developmentRegion = en;
			hasScannedForEncodings = 0;
			knownRegions = (
				en,
				Base,
			);
			mainGroup = E1CEC1F121B169020008D65E;
			productRefGroup = E1CEC1FB21B169020008D65E /* Products */;
			projectDirPath = "";
			projectRoot = "";
			targets = (
				E1CEC1F921B169020008D65E /* DoctorCell */,
				E1CEC20D21B169040008D65E /* DoctorCellTests */,
			);
		};
/* End PBXProject section */

/* Begin PBXResourcesBuildPhase section */
		E1CEC1F821B169020008D65E /* Resources */ = {
			isa = PBXResourcesBuildPhase;
			buildActionMask = 2147483647;
			files = (
				E1CEC20821B169040008D65E /* LaunchScreen.storyboard in Resources */,
				E1CEC20521B169040008D65E /* Assets.xcassets in Resources */,
				E16D3E0821B7187800689EAA /* GoogleService-Info.plist in Resources */,
			);
			runOnlyForDeploymentPostprocessing = 0;
		};
		E1CEC20C21B169040008D65E /* Resources */ = {
			isa = PBXResourcesBuildPhase;
			buildActionMask = 2147483647;
			files = (
			);
			runOnlyForDeploymentPostprocessing = 0;
		};
/* End PBXResourcesBuildPhase section */

/* Begin PBXShellScriptBuildPhase section */
		2C5490BA06BD46448A9628FB /* [CP] Check Pods Manifest.lock */ = {
			isa = PBXShellScriptBuildPhase;
			buildActionMask = 2147483647;
			files = (
			);
			inputPaths = (
				"${PODS_PODFILE_DIR_PATH}/Podfile.lock",
				"${PODS_ROOT}/Manifest.lock",
			);
			name = "[CP] Check Pods Manifest.lock";
			outputPaths = (
				"$(DERIVED_FILE_DIR)/Pods-DoctorCell-checkManifestLockResult.txt",
			);
			runOnlyForDeploymentPostprocessing = 0;
			shellPath = /bin/sh;
			shellScript = "diff \"${PODS_PODFILE_DIR_PATH}/Podfile.lock\" \"${PODS_ROOT}/Manifest.lock\" > /dev/null\nif [ $? != 0 ] ; then\n    # print error to STDERR\n    echo \"error: The sandbox is not in sync with the Podfile.lock. Run 'pod install' or update your CocoaPods installation.\" >&2\n    exit 1\nfi\n# This output is used by Xcode 'outputs' to avoid re-running this script phase.\necho \"SUCCESS\" > \"${SCRIPT_OUTPUT_FILE_0}\"\n";
			showEnvVarsInLog = 0;
		};
		41CACFB7C2B7E6E643EF33BA /* [CP] Embed Pods Frameworks */ = {
			isa = PBXShellScriptBuildPhase;
			buildActionMask = 2147483647;
			files = (
			);
			inputPaths = (
				"${SRCROOT}/Pods/Target Support Files/Pods-DoctorCell/Pods-DoctorCell-frameworks.sh",
				"${BUILT_PRODUCTS_DIR}/Action/Action.framework",
				"${BUILT_PRODUCTS_DIR}/BoringSSL/openssl.framework",
				"${BUILT_PRODUCTS_DIR}/Differentiator/Differentiator.framework",
				"${BUILT_PRODUCTS_DIR}/GoogleUtilities/GoogleUtilities.framework",
				"${BUILT_PRODUCTS_DIR}/Kingfisher/Kingfisher.framework",
				"${BUILT_PRODUCTS_DIR}/Protobuf/Protobuf.framework",
				"${BUILT_PRODUCTS_DIR}/RxAtomic/RxAtomic.framework",
				"${BUILT_PRODUCTS_DIR}/RxCocoa/RxCocoa.framework",
				"${BUILT_PRODUCTS_DIR}/RxDataSources/RxDataSources.framework",
				"${BUILT_PRODUCTS_DIR}/RxSwift/RxSwift.framework",
				"${BUILT_PRODUCTS_DIR}/RxSwiftExt/RxSwiftExt.framework",
				"${BUILT_PRODUCTS_DIR}/gRPC-C++/grpcpp.framework",
				"${BUILT_PRODUCTS_DIR}/gRPC-Core/grpc.framework",
				"${BUILT_PRODUCTS_DIR}/leveldb-library/leveldb.framework",
				"${BUILT_PRODUCTS_DIR}/nanopb/nanopb.framework",
			);
			name = "[CP] Embed Pods Frameworks";
			outputPaths = (
				"${TARGET_BUILD_DIR}/${FRAMEWORKS_FOLDER_PATH}/Action.framework",
				"${TARGET_BUILD_DIR}/${FRAMEWORKS_FOLDER_PATH}/openssl.framework",
				"${TARGET_BUILD_DIR}/${FRAMEWORKS_FOLDER_PATH}/Differentiator.framework",
				"${TARGET_BUILD_DIR}/${FRAMEWORKS_FOLDER_PATH}/GoogleUtilities.framework",
				"${TARGET_BUILD_DIR}/${FRAMEWORKS_FOLDER_PATH}/Kingfisher.framework",
				"${TARGET_BUILD_DIR}/${FRAMEWORKS_FOLDER_PATH}/Protobuf.framework",
				"${TARGET_BUILD_DIR}/${FRAMEWORKS_FOLDER_PATH}/RxAtomic.framework",
				"${TARGET_BUILD_DIR}/${FRAMEWORKS_FOLDER_PATH}/RxCocoa.framework",
				"${TARGET_BUILD_DIR}/${FRAMEWORKS_FOLDER_PATH}/RxDataSources.framework",
				"${TARGET_BUILD_DIR}/${FRAMEWORKS_FOLDER_PATH}/RxSwift.framework",
				"${TARGET_BUILD_DIR}/${FRAMEWORKS_FOLDER_PATH}/RxSwiftExt.framework",
				"${TARGET_BUILD_DIR}/${FRAMEWORKS_FOLDER_PATH}/grpcpp.framework",
				"${TARGET_BUILD_DIR}/${FRAMEWORKS_FOLDER_PATH}/grpc.framework",
				"${TARGET_BUILD_DIR}/${FRAMEWORKS_FOLDER_PATH}/leveldb.framework",
				"${TARGET_BUILD_DIR}/${FRAMEWORKS_FOLDER_PATH}/nanopb.framework",
			);
			runOnlyForDeploymentPostprocessing = 0;
			shellPath = /bin/sh;
			shellScript = "\"${SRCROOT}/Pods/Target Support Files/Pods-DoctorCell/Pods-DoctorCell-frameworks.sh\"\n";
			showEnvVarsInLog = 0;
		};
		443706E75D259F9C6138E59E /* [CP] Check Pods Manifest.lock */ = {
			isa = PBXShellScriptBuildPhase;
			buildActionMask = 2147483647;
			files = (
			);
			inputPaths = (
				"${PODS_PODFILE_DIR_PATH}/Podfile.lock",
				"${PODS_ROOT}/Manifest.lock",
			);
			name = "[CP] Check Pods Manifest.lock";
			outputPaths = (
				"$(DERIVED_FILE_DIR)/Pods-DoctorCellTests-checkManifestLockResult.txt",
			);
			runOnlyForDeploymentPostprocessing = 0;
			shellPath = /bin/sh;
			shellScript = "diff \"${PODS_PODFILE_DIR_PATH}/Podfile.lock\" \"${PODS_ROOT}/Manifest.lock\" > /dev/null\nif [ $? != 0 ] ; then\n    # print error to STDERR\n    echo \"error: The sandbox is not in sync with the Podfile.lock. Run 'pod install' or update your CocoaPods installation.\" >&2\n    exit 1\nfi\n# This output is used by Xcode 'outputs' to avoid re-running this script phase.\necho \"SUCCESS\" > \"${SCRIPT_OUTPUT_FILE_0}\"\n";
			showEnvVarsInLog = 0;
		};
		FAEE61E735A1BEA7DC3BBF98 /* [CP] Copy Pods Resources */ = {
			isa = PBXShellScriptBuildPhase;
			buildActionMask = 2147483647;
			files = (
			);
			inputPaths = (
				"${SRCROOT}/Pods/Target Support Files/Pods-DoctorCell/Pods-DoctorCell-resources.sh",
				"${PODS_CONFIGURATION_BUILD_DIR}/FirebaseFirestore/gRPCCertificates.bundle",
			);
			name = "[CP] Copy Pods Resources";
			outputPaths = (
				"${TARGET_BUILD_DIR}/${UNLOCALIZED_RESOURCES_FOLDER_PATH}/gRPCCertificates.bundle",
			);
			runOnlyForDeploymentPostprocessing = 0;
			shellPath = /bin/sh;
			shellScript = "\"${SRCROOT}/Pods/Target Support Files/Pods-DoctorCell/Pods-DoctorCell-resources.sh\"\n";
			showEnvVarsInLog = 0;
		};
/* End PBXShellScriptBuildPhase section */

/* Begin PBXSourcesBuildPhase section */
		E1CEC1F621B169020008D65E /* Sources */ = {
			isa = PBXSourcesBuildPhase;
			buildActionMask = 2147483647;
			files = (
				E1CEC20021B169020008D65E /* ProductsViewController.swift in Sources */,
				E1562D0721B747FA00B9AF20 /* FIRFirestore+Rx.swift in Sources */,
				E16D3E0221B6F8D200689EAA /* TabBarController.swift in Sources */,
				E1CEC22F21B1D2660008D65E /* SceneCoordinator.swift in Sources */,
				E1A7669721B9A39D00B696D6 /* UIView+constraints.swift in Sources */,
				E1CEC22921B19FF80008D65E /* Scene+ViewController.swift in Sources */,
				E1562D0521B747FA00B9AF20 /* FIRDocumentReference+Rx.swift in Sources */,
				E1CEC23121B1D29D0008D65E /* SceneTransitionType.swift in Sources */,
				E16D3E0E21B71ABE00689EAA /* Product.swift in Sources */,
				E1CEC22B21B1A10E0008D65E /* SceneController.swift in Sources */,
				E1A7669921BB41F400B696D6 /* UILabel.swift in Sources */,
				E16D3E0B21B7194900689EAA /* FirebaseConfigurator.swift in Sources */,
				E1562D0821B747FA00B9AF20 /* FIRQuery+Rx.swift in Sources */,
				E1A7668921B856DE00B696D6 /* ViewConfigurator.swift in Sources */,
				E1562D0921B747FA00B9AF20 /* FIRCollectionReference+Rx.swift in Sources */,
				E16D3E1421B722D100689EAA /* FirestoreManager.swift in Sources */,
				E1F3DF6C21B5D00D00FDCE26 /* AppearanceHelper.swift in Sources */,
				E1A7668F21B862AE00B696D6 /* ProductCollectionViewCell.swift in Sources */,
				E1CEC1FE21B169020008D65E /* AppDelegate.swift in Sources */,
				E1A7669521B99E6A00B696D6 /* CALayer+Shadow.swift in Sources */,
				E16D3E0621B709B400689EAA /* TabBarCoordinator.swift in Sources */,
				E1A7669B21BDF2D200B696D6 /* NumberFormatter+Currency.swift in Sources */,
				E1A7669121B8642400B696D6 /* ReusableView.swift in Sources */,
				E1CEC22521B19F360008D65E /* ProductDetailViewController.swift in Sources */,
				E1562D0621B747FA00B9AF20 /* FIRWriteBatch+Rx.swift in Sources */,
				E1CEC22221B19E9F0008D65E /* ProductsViewModel.swift in Sources */,
				E1CEC21F21B19E1F0008D65E /* Scene.swift in Sources */,
				E16D3E1121B71DE700689EAA /* Codable.swift in Sources */,
				E1CEC22721B19F480008D65E /* ProductDetailViewModel.swift in Sources */,
				E16D3E0421B6FACF00689EAA /* TabBarViewModel.swift in Sources */,
				E1CEC22D21B1A1580008D65E /* ViewModelProtocol.swift in Sources */,
			);
			runOnlyForDeploymentPostprocessing = 0;
		};
		E1CEC20A21B169040008D65E /* Sources */ = {
			isa = PBXSourcesBuildPhase;
			buildActionMask = 2147483647;
			files = (
				E1CEC21321B169040008D65E /* DoctorCellTests.swift in Sources */,
			);
			runOnlyForDeploymentPostprocessing = 0;
		};
/* End PBXSourcesBuildPhase section */

/* Begin PBXTargetDependency section */
		E1CEC21021B169040008D65E /* PBXTargetDependency */ = {
			isa = PBXTargetDependency;
			target = E1CEC1F921B169020008D65E /* DoctorCell */;
			targetProxy = E1CEC20F21B169040008D65E /* PBXContainerItemProxy */;
		};
/* End PBXTargetDependency section */

/* Begin PBXVariantGroup section */
		E1CEC20621B169040008D65E /* LaunchScreen.storyboard */ = {
			isa = PBXVariantGroup;
			children = (
				E1CEC20721B169040008D65E /* Base */,
			);
			name = LaunchScreen.storyboard;
			sourceTree = "<group>";
		};
/* End PBXVariantGroup section */

/* Begin XCBuildConfiguration section */
		E1CEC21521B169040008D65E /* Debug */ = {
			isa = XCBuildConfiguration;
			buildSettings = {
				ALWAYS_SEARCH_USER_PATHS = NO;
				CLANG_ANALYZER_NONNULL = YES;
				CLANG_ANALYZER_NUMBER_OBJECT_CONVERSION = YES_AGGRESSIVE;
				CLANG_CXX_LANGUAGE_STANDARD = "gnu++14";
				CLANG_CXX_LIBRARY = "libc++";
				CLANG_ENABLE_MODULES = YES;
				CLANG_ENABLE_OBJC_ARC = YES;
				CLANG_ENABLE_OBJC_WEAK = YES;
				CLANG_WARN_BLOCK_CAPTURE_AUTORELEASING = YES;
				CLANG_WARN_BOOL_CONVERSION = YES;
				CLANG_WARN_COMMA = YES;
				CLANG_WARN_CONSTANT_CONVERSION = YES;
				CLANG_WARN_DEPRECATED_OBJC_IMPLEMENTATIONS = YES;
				CLANG_WARN_DIRECT_OBJC_ISA_USAGE = YES_ERROR;
				CLANG_WARN_DOCUMENTATION_COMMENTS = YES;
				CLANG_WARN_EMPTY_BODY = YES;
				CLANG_WARN_ENUM_CONVERSION = YES;
				CLANG_WARN_INFINITE_RECURSION = YES;
				CLANG_WARN_INT_CONVERSION = YES;
				CLANG_WARN_NON_LITERAL_NULL_CONVERSION = YES;
				CLANG_WARN_OBJC_IMPLICIT_RETAIN_SELF = YES;
				CLANG_WARN_OBJC_LITERAL_CONVERSION = YES;
				CLANG_WARN_OBJC_ROOT_CLASS = YES_ERROR;
				CLANG_WARN_RANGE_LOOP_ANALYSIS = YES;
				CLANG_WARN_STRICT_PROTOTYPES = YES;
				CLANG_WARN_SUSPICIOUS_MOVE = YES;
				CLANG_WARN_UNGUARDED_AVAILABILITY = YES_AGGRESSIVE;
				CLANG_WARN_UNREACHABLE_CODE = YES;
				CLANG_WARN__DUPLICATE_METHOD_MATCH = YES;
				CODE_SIGN_IDENTITY = "iPhone Developer";
				COPY_PHASE_STRIP = NO;
				DEBUG_INFORMATION_FORMAT = dwarf;
				ENABLE_STRICT_OBJC_MSGSEND = YES;
				ENABLE_TESTABILITY = YES;
				GCC_C_LANGUAGE_STANDARD = gnu11;
				GCC_DYNAMIC_NO_PIC = NO;
				GCC_NO_COMMON_BLOCKS = YES;
				GCC_OPTIMIZATION_LEVEL = 0;
				GCC_PREPROCESSOR_DEFINITIONS = (
					"DEBUG=1",
					"$(inherited)",
				);
				GCC_WARN_64_TO_32_BIT_CONVERSION = YES;
				GCC_WARN_ABOUT_RETURN_TYPE = YES_ERROR;
				GCC_WARN_UNDECLARED_SELECTOR = YES;
				GCC_WARN_UNINITIALIZED_AUTOS = YES_AGGRESSIVE;
				GCC_WARN_UNUSED_FUNCTION = YES;
				GCC_WARN_UNUSED_VARIABLE = YES;
				IPHONEOS_DEPLOYMENT_TARGET = 12.1;
				MTL_ENABLE_DEBUG_INFO = INCLUDE_SOURCE;
				MTL_FAST_MATH = YES;
				ONLY_ACTIVE_ARCH = YES;
				SDKROOT = iphoneos;
				SWIFT_ACTIVE_COMPILATION_CONDITIONS = DEBUG;
				SWIFT_OPTIMIZATION_LEVEL = "-Onone";
			};
			name = Debug;
		};
		E1CEC21621B169040008D65E /* Release */ = {
			isa = XCBuildConfiguration;
			buildSettings = {
				ALWAYS_SEARCH_USER_PATHS = NO;
				CLANG_ANALYZER_NONNULL = YES;
				CLANG_ANALYZER_NUMBER_OBJECT_CONVERSION = YES_AGGRESSIVE;
				CLANG_CXX_LANGUAGE_STANDARD = "gnu++14";
				CLANG_CXX_LIBRARY = "libc++";
				CLANG_ENABLE_MODULES = YES;
				CLANG_ENABLE_OBJC_ARC = YES;
				CLANG_ENABLE_OBJC_WEAK = YES;
				CLANG_WARN_BLOCK_CAPTURE_AUTORELEASING = YES;
				CLANG_WARN_BOOL_CONVERSION = YES;
				CLANG_WARN_COMMA = YES;
				CLANG_WARN_CONSTANT_CONVERSION = YES;
				CLANG_WARN_DEPRECATED_OBJC_IMPLEMENTATIONS = YES;
				CLANG_WARN_DIRECT_OBJC_ISA_USAGE = YES_ERROR;
				CLANG_WARN_DOCUMENTATION_COMMENTS = YES;
				CLANG_WARN_EMPTY_BODY = YES;
				CLANG_WARN_ENUM_CONVERSION = YES;
				CLANG_WARN_INFINITE_RECURSION = YES;
				CLANG_WARN_INT_CONVERSION = YES;
				CLANG_WARN_NON_LITERAL_NULL_CONVERSION = YES;
				CLANG_WARN_OBJC_IMPLICIT_RETAIN_SELF = YES;
				CLANG_WARN_OBJC_LITERAL_CONVERSION = YES;
				CLANG_WARN_OBJC_ROOT_CLASS = YES_ERROR;
				CLANG_WARN_RANGE_LOOP_ANALYSIS = YES;
				CLANG_WARN_STRICT_PROTOTYPES = YES;
				CLANG_WARN_SUSPICIOUS_MOVE = YES;
				CLANG_WARN_UNGUARDED_AVAILABILITY = YES_AGGRESSIVE;
				CLANG_WARN_UNREACHABLE_CODE = YES;
				CLANG_WARN__DUPLICATE_METHOD_MATCH = YES;
				CODE_SIGN_IDENTITY = "iPhone Developer";
				COPY_PHASE_STRIP = NO;
				DEBUG_INFORMATION_FORMAT = "dwarf-with-dsym";
				ENABLE_NS_ASSERTIONS = NO;
				ENABLE_STRICT_OBJC_MSGSEND = YES;
				GCC_C_LANGUAGE_STANDARD = gnu11;
				GCC_NO_COMMON_BLOCKS = YES;
				GCC_WARN_64_TO_32_BIT_CONVERSION = YES;
				GCC_WARN_ABOUT_RETURN_TYPE = YES_ERROR;
				GCC_WARN_UNDECLARED_SELECTOR = YES;
				GCC_WARN_UNINITIALIZED_AUTOS = YES_AGGRESSIVE;
				GCC_WARN_UNUSED_FUNCTION = YES;
				GCC_WARN_UNUSED_VARIABLE = YES;
				IPHONEOS_DEPLOYMENT_TARGET = 12.1;
				MTL_ENABLE_DEBUG_INFO = NO;
				MTL_FAST_MATH = YES;
				SDKROOT = iphoneos;
				SWIFT_COMPILATION_MODE = wholemodule;
				SWIFT_OPTIMIZATION_LEVEL = "-O";
				VALIDATE_PRODUCT = YES;
			};
			name = Release;
		};
		E1CEC21821B169040008D65E /* Debug */ = {
			isa = XCBuildConfiguration;
			baseConfigurationReference = D829E97CC0EB74F0673B91C5 /* Pods-DoctorCell.debug.xcconfig */;
			buildSettings = {
				ASSETCATALOG_COMPILER_APPICON_NAME = AppIcon;
				CODE_SIGN_STYLE = Automatic;
				DEVELOPMENT_TEAM = REMZMNQ72C;
				INFOPLIST_FILE = DoctorCell/Info.plist;
				LD_RUNPATH_SEARCH_PATHS = (
					"$(inherited)",
					"@executable_path/Frameworks",
				);
				PRODUCT_BUNDLE_IDENTIFIER = gabrielmocelin.DoctorCell;
				PRODUCT_NAME = "$(TARGET_NAME)";
				SWIFT_VERSION = 4.2;
				TARGETED_DEVICE_FAMILY = "1,2";
			};
			name = Debug;
		};
		E1CEC21921B169040008D65E /* Release */ = {
			isa = XCBuildConfiguration;
			baseConfigurationReference = 046A268A628A5DD7A63D2C10 /* Pods-DoctorCell.release.xcconfig */;
			buildSettings = {
				ASSETCATALOG_COMPILER_APPICON_NAME = AppIcon;
				CODE_SIGN_STYLE = Automatic;
				DEVELOPMENT_TEAM = REMZMNQ72C;
				INFOPLIST_FILE = DoctorCell/Info.plist;
				LD_RUNPATH_SEARCH_PATHS = (
					"$(inherited)",
					"@executable_path/Frameworks",
				);
				PRODUCT_BUNDLE_IDENTIFIER = gabrielmocelin.DoctorCell;
				PRODUCT_NAME = "$(TARGET_NAME)";
				SWIFT_VERSION = 4.2;
				TARGETED_DEVICE_FAMILY = "1,2";
			};
			name = Release;
		};
		E1CEC21B21B169040008D65E /* Debug */ = {
			isa = XCBuildConfiguration;
			baseConfigurationReference = C4647EF65146563F0400D61A /* Pods-DoctorCellTests.debug.xcconfig */;
			buildSettings = {
				ALWAYS_EMBED_SWIFT_STANDARD_LIBRARIES = YES;
				BUNDLE_LOADER = "$(TEST_HOST)";
				CODE_SIGN_STYLE = Automatic;
				DEVELOPMENT_TEAM = REMZMNQ72C;
				INFOPLIST_FILE = DoctorCellTests/Info.plist;
				LD_RUNPATH_SEARCH_PATHS = (
					"$(inherited)",
					"@executable_path/Frameworks",
					"@loader_path/Frameworks",
				);
				PRODUCT_BUNDLE_IDENTIFIER = gabrielmocelin.DoctorCellTests;
				PRODUCT_NAME = "$(TARGET_NAME)";
				SWIFT_VERSION = 4.2;
				TARGETED_DEVICE_FAMILY = "1,2";
				TEST_HOST = "$(BUILT_PRODUCTS_DIR)/DoctorCell.app/DoctorCell";
			};
			name = Debug;
		};
		E1CEC21C21B169040008D65E /* Release */ = {
			isa = XCBuildConfiguration;
			baseConfigurationReference = 40250DE948D170A8F7B6FB11 /* Pods-DoctorCellTests.release.xcconfig */;
			buildSettings = {
				ALWAYS_EMBED_SWIFT_STANDARD_LIBRARIES = YES;
				BUNDLE_LOADER = "$(TEST_HOST)";
				CODE_SIGN_STYLE = Automatic;
				DEVELOPMENT_TEAM = REMZMNQ72C;
				INFOPLIST_FILE = DoctorCellTests/Info.plist;
				LD_RUNPATH_SEARCH_PATHS = (
					"$(inherited)",
					"@executable_path/Frameworks",
					"@loader_path/Frameworks",
				);
				PRODUCT_BUNDLE_IDENTIFIER = gabrielmocelin.DoctorCellTests;
				PRODUCT_NAME = "$(TARGET_NAME)";
				SWIFT_VERSION = 4.2;
				TARGETED_DEVICE_FAMILY = "1,2";
				TEST_HOST = "$(BUILT_PRODUCTS_DIR)/DoctorCell.app/DoctorCell";
			};
			name = Release;
		};
/* End XCBuildConfiguration section */

/* Begin XCConfigurationList section */
		E1CEC1F521B169020008D65E /* Build configuration list for PBXProject "DoctorCell" */ = {
			isa = XCConfigurationList;
			buildConfigurations = (
				E1CEC21521B169040008D65E /* Debug */,
				E1CEC21621B169040008D65E /* Release */,
			);
			defaultConfigurationIsVisible = 0;
			defaultConfigurationName = Release;
		};
		E1CEC21721B169040008D65E /* Build configuration list for PBXNativeTarget "DoctorCell" */ = {
			isa = XCConfigurationList;
			buildConfigurations = (
				E1CEC21821B169040008D65E /* Debug */,
				E1CEC21921B169040008D65E /* Release */,
			);
			defaultConfigurationIsVisible = 0;
			defaultConfigurationName = Release;
		};
		E1CEC21A21B169040008D65E /* Build configuration list for PBXNativeTarget "DoctorCellTests" */ = {
			isa = XCConfigurationList;
			buildConfigurations = (
				E1CEC21B21B169040008D65E /* Debug */,
				E1CEC21C21B169040008D65E /* Release */,
			);
			defaultConfigurationIsVisible = 0;
			defaultConfigurationName = Release;
		};
/* End XCConfigurationList section */
	};
	rootObject = E1CEC1F221B169020008D65E /* Project object */;
}
